// !$*UTF8*$!
{
	archiveVersion = 1;
	classes = {
	};
	objectVersion = 56;
	objects = {

/* Begin PBXBuildFile section */
		7B2AE78D2BDB677C00BCFB96 /* SearchBar.swift in Sources */ = {isa = PBXBuildFile; fileRef = 7B2AE78C2BDB677C00BCFB96 /* SearchBar.swift */; };
		7B2AE7932BDB784C00BCFB96 /* View+Extensions.swift in Sources */ = {isa = PBXBuildFile; fileRef = 7B2AE7922BDB784C00BCFB96 /* View+Extensions.swift */; };
		7B3F1EE22BD321A10085D472 /* CustomTabSwitcher.swift in Sources */ = {isa = PBXBuildFile; fileRef = 7B3F1EE12BD321A10085D472 /* CustomTabSwitcher.swift */; };
		7B3F1EE42BD32D660085D472 /* MoreLikeThis.swift in Sources */ = {isa = PBXBuildFile; fileRef = 7B3F1EE32BD32D660085D472 /* MoreLikeThis.swift */; };
		7B50673C2BC9DC3600E67C77 /* HomeViewModel.swift in Sources */ = {isa = PBXBuildFile; fileRef = 7B50673B2BC9DC3600E67C77 /* HomeViewModel.swift */; };
		7B5067412BCA193800E67C77 /* Kingfisher in Frameworks */ = {isa = PBXBuildFile; productRef = 7B5067402BCA193800E67C77 /* Kingfisher */; };
		7B9806D72BCF500500DE686A /* MovieDetail.swift in Sources */ = {isa = PBXBuildFile; fileRef = 7B9806D62BCF500500DE686A /* MovieDetail.swift */; };
		7B9806DA2BCF53F600DE686A /* EpisodeModel.swift in Sources */ = {isa = PBXBuildFile; fileRef = 7B9806D92BCF53F600DE686A /* EpisodeModel.swift */; };
		7BA6DEA72BE45AAB00754BF2 /* PopularMovieView.swift in Sources */ = {isa = PBXBuildFile; fileRef = 7BA6DEA62BE45AAB00754BF2 /* PopularMovieView.swift */; };
		7BA6DEA92BE464B000754BF2 /* SearchResultsGrid.swift in Sources */ = {isa = PBXBuildFile; fileRef = 7BA6DEA82BE464B000754BF2 /* SearchResultsGrid.swift */; };
		7BABED672BCA2092002C4BE9 /* TopMoviePreview.swift in Sources */ = {isa = PBXBuildFile; fileRef = 7BABED662BCA2092002C4BE9 /* TopMoviePreview.swift */; };
		7BB24C552BC9A7A600973FD2 /* NethflixApp.swift in Sources */ = {isa = PBXBuildFile; fileRef = 7BB24C542BC9A7A600973FD2 /* NethflixApp.swift */; };
		7BB24C572BC9A7A600973FD2 /* ContentView.swift in Sources */ = {isa = PBXBuildFile; fileRef = 7BB24C562BC9A7A600973FD2 /* ContentView.swift */; };
		7BB24C592BC9A7B000973FD2 /* Assets.xcassets in Resources */ = {isa = PBXBuildFile; fileRef = 7BB24C582BC9A7B000973FD2 /* Assets.xcassets */; };
		7BB24C5C2BC9A7B000973FD2 /* Preview Assets.xcassets in Resources */ = {isa = PBXBuildFile; fileRef = 7BB24C5B2BC9A7B000973FD2 /* Preview Assets.xcassets */; };
		7BB24C662BC9A7B000973FD2 /* NethflixTests.swift in Sources */ = {isa = PBXBuildFile; fileRef = 7BB24C652BC9A7B000973FD2 /* NethflixTests.swift */; };
		7BB24C702BC9A7B000973FD2 /* NethflixUITests.swift in Sources */ = {isa = PBXBuildFile; fileRef = 7BB24C6F2BC9A7B000973FD2 /* NethflixUITests.swift */; };
		7BB24C722BC9A7B000973FD2 /* NethflixUITestsLaunchTests.swift in Sources */ = {isa = PBXBuildFile; fileRef = 7BB24C712BC9A7B000973FD2 /* NethflixUITestsLaunchTests.swift */; };
		7BB24C802BC9A92500973FD2 /* HomeView.swift in Sources */ = {isa = PBXBuildFile; fileRef = 7BB24C7F2BC9A92500973FD2 /* HomeView.swift */; };
		7BB24C852BC9D6B500973FD2 /* MovieModel.swift in Sources */ = {isa = PBXBuildFile; fileRef = 7BB24C842BC9D6B500973FD2 /* MovieModel.swift */; };
		7BB24C872BC9D70500973FD2 /* StandarHomeMovie.swift in Sources */ = {isa = PBXBuildFile; fileRef = 7BB24C862BC9D70500973FD2 /* StandarHomeMovie.swift */; };
		7BBE02A02BE09B3500BA8953 /* SearchView.swift in Sources */ = {isa = PBXBuildFile; fileRef = 7BBE029F2BE09B3500BA8953 /* SearchView.swift */; };
		7BBE02A22BE09B6400BA8953 /* SearchViewModel.swift in Sources */ = {isa = PBXBuildFile; fileRef = 7BBE02A12BE09B6400BA8953 /* SearchViewModel.swift */; };
		7BBE02A42BE09DD400BA8953 /* MoviesGenerator.swift in Sources */ = {isa = PBXBuildFile; fileRef = 7BBE02A32BE09DD400BA8953 /* MoviesGenerator.swift */; };
		7BC6989E2BD9D2EB00057B90 /* HomeStack.swift in Sources */ = {isa = PBXBuildFile; fileRef = 7BC6989D2BD9D2EB00057B90 /* HomeStack.swift */; };
		7BD13B172BD335BD00F2192B /* TrailerModel.swift in Sources */ = {isa = PBXBuildFile; fileRef = 7BD13B162BD335BD00F2192B /* TrailerModel.swift */; };
		7BD13B192BD3360400F2192B /* SwiftUIVideoView.swift in Sources */ = {isa = PBXBuildFile; fileRef = 7BD13B182BD3360400F2192B /* SwiftUIVideoView.swift */; };
		7BD13B1B2BD3361C00F2192B /* Mocks.swift in Sources */ = {isa = PBXBuildFile; fileRef = 7BD13B1A2BD3361C00F2192B /* Mocks.swift */; };
		7BD13B1E2BD3370A00F2192B /* VideoPreviewImage.swift in Sources */ = {isa = PBXBuildFile; fileRef = 7BD13B1D2BD3370A00F2192B /* VideoPreviewImage.swift */; };
		7BD13B202BD3457800F2192B /* TrailerList.swift in Sources */ = {isa = PBXBuildFile; fileRef = 7BD13B1F2BD3457800F2192B /* TrailerList.swift */; };
		7BF8525C2BCDBA6A00087454 /* SmallVerticalButton.swift in Sources */ = {isa = PBXBuildFile; fileRef = 7BF8525B2BCDBA6A00087454 /* SmallVerticalButton.swift */; };
		7BF8525E2BCE622500087454 /* LargeButton.swift in Sources */ = {isa = PBXBuildFile; fileRef = 7BF8525D2BCE622500087454 /* LargeButton.swift */; };
		7BFB7B8C2BF00AAF00548D93 /* ComingSoonView.swift in Sources */ = {isa = PBXBuildFile; fileRef = 7BFB7B8B2BF00AAF00548D93 /* ComingSoonView.swift */; };
		7BFB7B8E2BF00AF000548D93 /* NotificationBar.swift in Sources */ = {isa = PBXBuildFile; fileRef = 7BFB7B8D2BF00AF000548D93 /* NotificationBar.swift */; };
		7BFB7B902BF00D3000548D93 /* ComingSoonRow.swift in Sources */ = {isa = PBXBuildFile; fileRef = 7BFB7B8F2BF00D3000548D93 /* ComingSoonRow.swift */; };
		7BFB7B922BF0139100548D93 /* ComingSoonViewModel.swift in Sources */ = {isa = PBXBuildFile; fileRef = 7BFB7B912BF0139100548D93 /* ComingSoonViewModel.swift */; };
		7BFB7B942BF0166A00548D93 /* TrackableScrollView.swift in Sources */ = {isa = PBXBuildFile; fileRef = 7BFB7B932BF0166A00548D93 /* TrackableScrollView.swift */; };
		7BFB7B972BF0238200548D93 /* DownloadsView.swift in Sources */ = {isa = PBXBuildFile; fileRef = 7BFB7B962BF0238200548D93 /* DownloadsView.swift */; };
		7BFEB4362BD729E200A18C6E /* EpisodesView.swift in Sources */ = {isa = PBXBuildFile; fileRef = 7BFEB4352BD729E200A18C6E /* EpisodesView.swift */; };
/* End PBXBuildFile section */

/* Begin PBXContainerItemProxy section */
		7BB24C622BC9A7B000973FD2 /* PBXContainerItemProxy */ = {
			isa = PBXContainerItemProxy;
			containerPortal = 7BB24C492BC9A7A600973FD2 /* Project object */;
			proxyType = 1;
			remoteGlobalIDString = 7BB24C502BC9A7A600973FD2;
			remoteInfo = Nethflix;
		};
		7BB24C6C2BC9A7B000973FD2 /* PBXContainerItemProxy */ = {
			isa = PBXContainerItemProxy;
			containerPortal = 7BB24C492BC9A7A600973FD2 /* Project object */;
			proxyType = 1;
			remoteGlobalIDString = 7BB24C502BC9A7A600973FD2;
			remoteInfo = Nethflix;
		};
/* End PBXContainerItemProxy section */

/* Begin PBXFileReference section */
		7B2AE78C2BDB677C00BCFB96 /* SearchBar.swift */ = {isa = PBXFileReference; lastKnownFileType = sourcecode.swift; path = SearchBar.swift; sourceTree = "<group>"; };
		7B2AE7922BDB784C00BCFB96 /* View+Extensions.swift */ = {isa = PBXFileReference; lastKnownFileType = sourcecode.swift; path = "View+Extensions.swift"; sourceTree = "<group>"; };
		7B3F1EE12BD321A10085D472 /* CustomTabSwitcher.swift */ = {isa = PBXFileReference; lastKnownFileType = sourcecode.swift; path = CustomTabSwitcher.swift; sourceTree = "<group>"; };
		7B3F1EE32BD32D660085D472 /* MoreLikeThis.swift */ = {isa = PBXFileReference; lastKnownFileType = sourcecode.swift; path = MoreLikeThis.swift; sourceTree = "<group>"; };
		7B50673B2BC9DC3600E67C77 /* HomeViewModel.swift */ = {isa = PBXFileReference; lastKnownFileType = sourcecode.swift; path = HomeViewModel.swift; sourceTree = "<group>"; };
		7B9806D62BCF500500DE686A /* MovieDetail.swift */ = {isa = PBXFileReference; lastKnownFileType = sourcecode.swift; path = MovieDetail.swift; sourceTree = "<group>"; };
		7B9806D92BCF53F600DE686A /* EpisodeModel.swift */ = {isa = PBXFileReference; lastKnownFileType = sourcecode.swift; path = EpisodeModel.swift; sourceTree = "<group>"; };
		7BA6DEA62BE45AAB00754BF2 /* PopularMovieView.swift */ = {isa = PBXFileReference; lastKnownFileType = sourcecode.swift; path = PopularMovieView.swift; sourceTree = "<group>"; };
		7BA6DEA82BE464B000754BF2 /* SearchResultsGrid.swift */ = {isa = PBXFileReference; lastKnownFileType = sourcecode.swift; path = SearchResultsGrid.swift; sourceTree = "<group>"; };
		7BABED662BCA2092002C4BE9 /* TopMoviePreview.swift */ = {isa = PBXFileReference; lastKnownFileType = sourcecode.swift; path = TopMoviePreview.swift; sourceTree = "<group>"; };
		7BB24C512BC9A7A600973FD2 /* Nethflix.app */ = {isa = PBXFileReference; explicitFileType = wrapper.application; includeInIndex = 0; path = Nethflix.app; sourceTree = BUILT_PRODUCTS_DIR; };
		7BB24C542BC9A7A600973FD2 /* NethflixApp.swift */ = {isa = PBXFileReference; lastKnownFileType = sourcecode.swift; path = NethflixApp.swift; sourceTree = "<group>"; };
		7BB24C562BC9A7A600973FD2 /* ContentView.swift */ = {isa = PBXFileReference; lastKnownFileType = sourcecode.swift; path = ContentView.swift; sourceTree = "<group>"; };
		7BB24C582BC9A7B000973FD2 /* Assets.xcassets */ = {isa = PBXFileReference; lastKnownFileType = folder.assetcatalog; path = Assets.xcassets; sourceTree = "<group>"; };
		7BB24C5B2BC9A7B000973FD2 /* Preview Assets.xcassets */ = {isa = PBXFileReference; lastKnownFileType = folder.assetcatalog; path = "Preview Assets.xcassets"; sourceTree = "<group>"; };
		7BB24C612BC9A7B000973FD2 /* NethflixTests.xctest */ = {isa = PBXFileReference; explicitFileType = wrapper.cfbundle; includeInIndex = 0; path = NethflixTests.xctest; sourceTree = BUILT_PRODUCTS_DIR; };
		7BB24C652BC9A7B000973FD2 /* NethflixTests.swift */ = {isa = PBXFileReference; lastKnownFileType = sourcecode.swift; path = NethflixTests.swift; sourceTree = "<group>"; };
		7BB24C6B2BC9A7B000973FD2 /* NethflixUITests.xctest */ = {isa = PBXFileReference; explicitFileType = wrapper.cfbundle; includeInIndex = 0; path = NethflixUITests.xctest; sourceTree = BUILT_PRODUCTS_DIR; };
		7BB24C6F2BC9A7B000973FD2 /* NethflixUITests.swift */ = {isa = PBXFileReference; lastKnownFileType = sourcecode.swift; path = NethflixUITests.swift; sourceTree = "<group>"; };
		7BB24C712BC9A7B000973FD2 /* NethflixUITestsLaunchTests.swift */ = {isa = PBXFileReference; lastKnownFileType = sourcecode.swift; path = NethflixUITestsLaunchTests.swift; sourceTree = "<group>"; };
		7BB24C7F2BC9A92500973FD2 /* HomeView.swift */ = {isa = PBXFileReference; lastKnownFileType = sourcecode.swift; path = HomeView.swift; sourceTree = "<group>"; };
		7BB24C842BC9D6B500973FD2 /* MovieModel.swift */ = {isa = PBXFileReference; lastKnownFileType = sourcecode.swift; path = MovieModel.swift; sourceTree = "<group>"; };
		7BB24C862BC9D70500973FD2 /* StandarHomeMovie.swift */ = {isa = PBXFileReference; lastKnownFileType = sourcecode.swift; path = StandarHomeMovie.swift; sourceTree = "<group>"; };
		7BBE029F2BE09B3500BA8953 /* SearchView.swift */ = {isa = PBXFileReference; lastKnownFileType = sourcecode.swift; path = SearchView.swift; sourceTree = "<group>"; };
		7BBE02A12BE09B6400BA8953 /* SearchViewModel.swift */ = {isa = PBXFileReference; lastKnownFileType = sourcecode.swift; path = SearchViewModel.swift; sourceTree = "<group>"; };
		7BBE02A32BE09DD400BA8953 /* MoviesGenerator.swift */ = {isa = PBXFileReference; lastKnownFileType = sourcecode.swift; path = MoviesGenerator.swift; sourceTree = "<group>"; };
		7BC6989D2BD9D2EB00057B90 /* HomeStack.swift */ = {isa = PBXFileReference; lastKnownFileType = sourcecode.swift; path = HomeStack.swift; sourceTree = "<group>"; };
		7BD13B162BD335BD00F2192B /* TrailerModel.swift */ = {isa = PBXFileReference; lastKnownFileType = sourcecode.swift; path = TrailerModel.swift; sourceTree = "<group>"; };
		7BD13B182BD3360400F2192B /* SwiftUIVideoView.swift */ = {isa = PBXFileReference; lastKnownFileType = sourcecode.swift; path = SwiftUIVideoView.swift; sourceTree = "<group>"; };
		7BD13B1A2BD3361C00F2192B /* Mocks.swift */ = {isa = PBXFileReference; lastKnownFileType = sourcecode.swift; path = Mocks.swift; sourceTree = "<group>"; };
		7BD13B1D2BD3370A00F2192B /* VideoPreviewImage.swift */ = {isa = PBXFileReference; lastKnownFileType = sourcecode.swift; path = VideoPreviewImage.swift; sourceTree = "<group>"; };
		7BD13B1F2BD3457800F2192B /* TrailerList.swift */ = {isa = PBXFileReference; lastKnownFileType = sourcecode.swift; path = TrailerList.swift; sourceTree = "<group>"; };
		7BF8525B2BCDBA6A00087454 /* SmallVerticalButton.swift */ = {isa = PBXFileReference; lastKnownFileType = sourcecode.swift; path = SmallVerticalButton.swift; sourceTree = "<group>"; };
		7BF8525D2BCE622500087454 /* LargeButton.swift */ = {isa = PBXFileReference; lastKnownFileType = sourcecode.swift; path = LargeButton.swift; sourceTree = "<group>"; };
		7BFB7B8B2BF00AAF00548D93 /* ComingSoonView.swift */ = {isa = PBXFileReference; lastKnownFileType = sourcecode.swift; path = ComingSoonView.swift; sourceTree = "<group>"; };
		7BFB7B8D2BF00AF000548D93 /* NotificationBar.swift */ = {isa = PBXFileReference; lastKnownFileType = sourcecode.swift; path = NotificationBar.swift; sourceTree = "<group>"; };
		7BFB7B8F2BF00D3000548D93 /* ComingSoonRow.swift */ = {isa = PBXFileReference; lastKnownFileType = sourcecode.swift; path = ComingSoonRow.swift; sourceTree = "<group>"; };
		7BFB7B912BF0139100548D93 /* ComingSoonViewModel.swift */ = {isa = PBXFileReference; lastKnownFileType = sourcecode.swift; path = ComingSoonViewModel.swift; sourceTree = "<group>"; };
		7BFB7B932BF0166A00548D93 /* TrackableScrollView.swift */ = {isa = PBXFileReference; lastKnownFileType = sourcecode.swift; path = TrackableScrollView.swift; sourceTree = "<group>"; };
		7BFB7B962BF0238200548D93 /* DownloadsView.swift */ = {isa = PBXFileReference; lastKnownFileType = sourcecode.swift; path = DownloadsView.swift; sourceTree = "<group>"; };
		7BFEB4352BD729E200A18C6E /* EpisodesView.swift */ = {isa = PBXFileReference; lastKnownFileType = sourcecode.swift; path = EpisodesView.swift; sourceTree = "<group>"; };
/* End PBXFileReference section */

/* Begin PBXFrameworksBuildPhase section */
		7BB24C4E2BC9A7A600973FD2 /* Frameworks */ = {
			isa = PBXFrameworksBuildPhase;
			buildActionMask = 2147483647;
			files = (
				7B5067412BCA193800E67C77 /* Kingfisher in Frameworks */,
			);
			runOnlyForDeploymentPostprocessing = 0;
		};
		7BB24C5E2BC9A7B000973FD2 /* Frameworks */ = {
			isa = PBXFrameworksBuildPhase;
			buildActionMask = 2147483647;
			files = (
			);
			runOnlyForDeploymentPostprocessing = 0;
		};
		7BB24C682BC9A7B000973FD2 /* Frameworks */ = {
			isa = PBXFrameworksBuildPhase;
			buildActionMask = 2147483647;
			files = (
			);
			runOnlyForDeploymentPostprocessing = 0;
		};
/* End PBXFrameworksBuildPhase section */

/* Begin PBXGroup section */
		7B2AE78B2BDB676B00BCFB96 /* Search */ = {
			isa = PBXGroup;
			children = (
				7B2AE78C2BDB677C00BCFB96 /* SearchBar.swift */,
				7BBE029F2BE09B3500BA8953 /* SearchView.swift */,
				7BBE02A12BE09B6400BA8953 /* SearchViewModel.swift */,
				7BA6DEA62BE45AAB00754BF2 /* PopularMovieView.swift */,
				7BA6DEA82BE464B000754BF2 /* SearchResultsGrid.swift */,
			);
			path = Search;
			sourceTree = "<group>";
		};
		7B50673D2BCA191600E67C77 /* Frameworks */ = {
			isa = PBXGroup;
			children = (
			);
			name = Frameworks;
			sourceTree = "<group>";
		};
		7B9806D52BCF4FEA00DE686A /* MovieDetail */ = {
			isa = PBXGroup;
			children = (
				7B9806D62BCF500500DE686A /* MovieDetail.swift */,
				7B3F1EE12BD321A10085D472 /* CustomTabSwitcher.swift */,
				7B3F1EE32BD32D660085D472 /* MoreLikeThis.swift */,
				7BD13B1F2BD3457800F2192B /* TrailerList.swift */,
				7BFEB4352BD729E200A18C6E /* EpisodesView.swift */,
			);
			path = MovieDetail;
			sourceTree = "<group>";
		};
		7B9806D82BCF53E300DE686A /* Models */ = {
			isa = PBXGroup;
			children = (
				7BB24C842BC9D6B500973FD2 /* MovieModel.swift */,
				7B9806D92BCF53F600DE686A /* EpisodeModel.swift */,
				7BD13B162BD335BD00F2192B /* TrailerModel.swift */,
			);
			path = Models;
			sourceTree = "<group>";
		};
		7BB24C482BC9A7A600973FD2 = {
			isa = PBXGroup;
			children = (
				7BB24C532BC9A7A600973FD2 /* Nethflix */,
				7BB24C642BC9A7B000973FD2 /* NethflixTests */,
				7BB24C6E2BC9A7B000973FD2 /* NethflixUITests */,
				7BB24C522BC9A7A600973FD2 /* Products */,
				7B50673D2BCA191600E67C77 /* Frameworks */,
			);
			sourceTree = "<group>";
		};
		7BB24C522BC9A7A600973FD2 /* Products */ = {
			isa = PBXGroup;
			children = (
				7BB24C512BC9A7A600973FD2 /* Nethflix.app */,
				7BB24C612BC9A7B000973FD2 /* NethflixTests.xctest */,
				7BB24C6B2BC9A7B000973FD2 /* NethflixUITests.xctest */,
			);
			name = Products;
			sourceTree = "<group>";
		};
		7BB24C532BC9A7A600973FD2 /* Nethflix */ = {
			isa = PBXGroup;
			children = (
				7B9806D82BCF53E300DE686A /* Models */,
				7BF8525A2BCDBA5500087454 /* Utils */,
				7B9806D52BCF4FEA00DE686A /* MovieDetail */,
				7BB24C7E2BC9A91300973FD2 /* Home */,
				7B2AE78B2BDB676B00BCFB96 /* Search */,
				7BFB7B8A2BF00A8600548D93 /* ComingSoon */,
				7BFB7B952BF0236C00548D93 /* Downloads */,
				7BB24C542BC9A7A600973FD2 /* NethflixApp.swift */,
				7BB24C562BC9A7A600973FD2 /* ContentView.swift */,
				7BB24C582BC9A7B000973FD2 /* Assets.xcassets */,
				7BB24C5A2BC9A7B000973FD2 /* Preview Content */,
			);
			path = Nethflix;
			sourceTree = "<group>";
		};
		7BB24C5A2BC9A7B000973FD2 /* Preview Content */ = {
			isa = PBXGroup;
			children = (
				7BB24C5B2BC9A7B000973FD2 /* Preview Assets.xcassets */,
			);
			path = "Preview Content";
			sourceTree = "<group>";
		};
		7BB24C642BC9A7B000973FD2 /* NethflixTests */ = {
			isa = PBXGroup;
			children = (
				7BB24C652BC9A7B000973FD2 /* NethflixTests.swift */,
			);
			path = NethflixTests;
			sourceTree = "<group>";
		};
		7BB24C6E2BC9A7B000973FD2 /* NethflixUITests */ = {
			isa = PBXGroup;
			children = (
				7BB24C6F2BC9A7B000973FD2 /* NethflixUITests.swift */,
				7BB24C712BC9A7B000973FD2 /* NethflixUITestsLaunchTests.swift */,
			);
			path = NethflixUITests;
			sourceTree = "<group>";
		};
		7BB24C7E2BC9A91300973FD2 /* Home */ = {
			isa = PBXGroup;
			children = (
				7BB24C7F2BC9A92500973FD2 /* HomeView.swift */,
				7BB24C862BC9D70500973FD2 /* StandarHomeMovie.swift */,
				7B50673B2BC9DC3600E67C77 /* HomeViewModel.swift */,
				7BABED662BCA2092002C4BE9 /* TopMoviePreview.swift */,
				7BC6989D2BD9D2EB00057B90 /* HomeStack.swift */,
			);
			path = Home;
			sourceTree = "<group>";
		};
		7BD13B1C2BD336CE00F2192B /* VideoPlayer */ = {
			isa = PBXGroup;
			children = (
				7BD13B182BD3360400F2192B /* SwiftUIVideoView.swift */,
				7BD13B1D2BD3370A00F2192B /* VideoPreviewImage.swift */,
			);
			path = VideoPlayer;
			sourceTree = "<group>";
		};
		7BF8525A2BCDBA5500087454 /* Utils */ = {
			isa = PBXGroup;
			children = (
				7BD13B1A2BD3361C00F2192B /* Mocks.swift */,
				7BF8525B2BCDBA6A00087454 /* SmallVerticalButton.swift */,
				7BF8525D2BCE622500087454 /* LargeButton.swift */,
				7BD13B1C2BD336CE00F2192B /* VideoPlayer */,
				7B2AE7922BDB784C00BCFB96 /* View+Extensions.swift */,
				7BBE02A32BE09DD400BA8953 /* MoviesGenerator.swift */,
			);
			path = Utils;
			sourceTree = "<group>";
		};
		7BFB7B8A2BF00A8600548D93 /* ComingSoon */ = {
			isa = PBXGroup;
			children = (
				7BFB7B8B2BF00AAF00548D93 /* ComingSoonView.swift */,
				7BFB7B8D2BF00AF000548D93 /* NotificationBar.swift */,
				7BFB7B8F2BF00D3000548D93 /* ComingSoonRow.swift */,
				7BFB7B912BF0139100548D93 /* ComingSoonViewModel.swift */,
				7BFB7B932BF0166A00548D93 /* TrackableScrollView.swift */,
			);
			path = ComingSoon;
			sourceTree = "<group>";
		};
		7BFB7B952BF0236C00548D93 /* Downloads */ = {
			isa = PBXGroup;
			children = (
				7BFB7B962BF0238200548D93 /* DownloadsView.swift */,
			);
			path = Downloads;
			sourceTree = "<group>";
		};
/* End PBXGroup section */

/* Begin PBXNativeTarget section */
		7BB24C502BC9A7A600973FD2 /* Nethflix */ = {
			isa = PBXNativeTarget;
			buildConfigurationList = 7BB24C752BC9A7B000973FD2 /* Build configuration list for PBXNativeTarget "Nethflix" */;
			buildPhases = (
				7BB24C4D2BC9A7A600973FD2 /* Sources */,
				7BB24C4E2BC9A7A600973FD2 /* Frameworks */,
				7BB24C4F2BC9A7A600973FD2 /* Resources */,
			);
			buildRules = (
			);
			dependencies = (
			);
			name = Nethflix;
			packageProductDependencies = (
				7B5067402BCA193800E67C77 /* Kingfisher */,
			);
			productName = Nethflix;
			productReference = 7BB24C512BC9A7A600973FD2 /* Nethflix.app */;
			productType = "com.apple.product-type.application";
		};
		7BB24C602BC9A7B000973FD2 /* NethflixTests */ = {
			isa = PBXNativeTarget;
			buildConfigurationList = 7BB24C782BC9A7B000973FD2 /* Build configuration list for PBXNativeTarget "NethflixTests" */;
			buildPhases = (
				7BB24C5D2BC9A7B000973FD2 /* Sources */,
				7BB24C5E2BC9A7B000973FD2 /* Frameworks */,
				7BB24C5F2BC9A7B000973FD2 /* Resources */,
			);
			buildRules = (
			);
			dependencies = (
				7BB24C632BC9A7B000973FD2 /* PBXTargetDependency */,
			);
			name = NethflixTests;
			productName = NethflixTests;
			productReference = 7BB24C612BC9A7B000973FD2 /* NethflixTests.xctest */;
			productType = "com.apple.product-type.bundle.unit-test";
		};
		7BB24C6A2BC9A7B000973FD2 /* NethflixUITests */ = {
			isa = PBXNativeTarget;
			buildConfigurationList = 7BB24C7B2BC9A7B000973FD2 /* Build configuration list for PBXNativeTarget "NethflixUITests" */;
			buildPhases = (
				7BB24C672BC9A7B000973FD2 /* Sources */,
				7BB24C682BC9A7B000973FD2 /* Frameworks */,
				7BB24C692BC9A7B000973FD2 /* Resources */,
			);
			buildRules = (
			);
			dependencies = (
				7BB24C6D2BC9A7B000973FD2 /* PBXTargetDependency */,
			);
			name = NethflixUITests;
			productName = NethflixUITests;
			productReference = 7BB24C6B2BC9A7B000973FD2 /* NethflixUITests.xctest */;
			productType = "com.apple.product-type.bundle.ui-testing";
		};
/* End PBXNativeTarget section */

/* Begin PBXProject section */
		7BB24C492BC9A7A600973FD2 /* Project object */ = {
			isa = PBXProject;
			attributes = {
				BuildIndependentTargetsInParallel = 1;
				LastSwiftUpdateCheck = 1520;
				LastUpgradeCheck = 1520;
				TargetAttributes = {
					7BB24C502BC9A7A600973FD2 = {
						CreatedOnToolsVersion = 15.2;
					};
					7BB24C602BC9A7B000973FD2 = {
						CreatedOnToolsVersion = 15.2;
						TestTargetID = 7BB24C502BC9A7A600973FD2;
					};
					7BB24C6A2BC9A7B000973FD2 = {
						CreatedOnToolsVersion = 15.2;
						TestTargetID = 7BB24C502BC9A7A600973FD2;
					};
				};
			};
			buildConfigurationList = 7BB24C4C2BC9A7A600973FD2 /* Build configuration list for PBXProject "Nethflix" */;
			compatibilityVersion = "Xcode 14.0";
			developmentRegion = en;
			hasScannedForEncodings = 0;
			knownRegions = (
				en,
				Base,
			);
			mainGroup = 7BB24C482BC9A7A600973FD2;
			packageReferences = (
				7BB24C812BC9D68400973FD2 /* XCRemoteSwiftPackageReference "Kingfisher" */,
			);
			productRefGroup = 7BB24C522BC9A7A600973FD2 /* Products */;
			projectDirPath = "";
			projectRoot = "";
			targets = (
				7BB24C502BC9A7A600973FD2 /* Nethflix */,
				7BB24C602BC9A7B000973FD2 /* NethflixTests */,
				7BB24C6A2BC9A7B000973FD2 /* NethflixUITests */,
			);
		};
/* End PBXProject section */

/* Begin PBXResourcesBuildPhase section */
		7BB24C4F2BC9A7A600973FD2 /* Resources */ = {
			isa = PBXResourcesBuildPhase;
			buildActionMask = 2147483647;
			files = (
				7BB24C5C2BC9A7B000973FD2 /* Preview Assets.xcassets in Resources */,
				7BB24C592BC9A7B000973FD2 /* Assets.xcassets in Resources */,
			);
			runOnlyForDeploymentPostprocessing = 0;
		};
		7BB24C5F2BC9A7B000973FD2 /* Resources */ = {
			isa = PBXResourcesBuildPhase;
			buildActionMask = 2147483647;
			files = (
			);
			runOnlyForDeploymentPostprocessing = 0;
		};
		7BB24C692BC9A7B000973FD2 /* Resources */ = {
			isa = PBXResourcesBuildPhase;
			buildActionMask = 2147483647;
			files = (
			);
			runOnlyForDeploymentPostprocessing = 0;
		};
/* End PBXResourcesBuildPhase section */

/* Begin PBXSourcesBuildPhase section */
		7BB24C4D2BC9A7A600973FD2 /* Sources */ = {
			isa = PBXSourcesBuildPhase;
			buildActionMask = 2147483647;
			files = (
				7BA6DEA72BE45AAB00754BF2 /* PopularMovieView.swift in Sources */,
				7BFEB4362BD729E200A18C6E /* EpisodesView.swift in Sources */,
				7B3F1EE42BD32D660085D472 /* MoreLikeThis.swift in Sources */,
				7BB24C852BC9D6B500973FD2 /* MovieModel.swift in Sources */,
				7B50673C2BC9DC3600E67C77 /* HomeViewModel.swift in Sources */,
				7BBE02A02BE09B3500BA8953 /* SearchView.swift in Sources */,
				7BD13B1B2BD3361C00F2192B /* Mocks.swift in Sources */,
				7BFB7B942BF0166A00548D93 /* TrackableScrollView.swift in Sources */,
				7BABED672BCA2092002C4BE9 /* TopMoviePreview.swift in Sources */,
				7BD13B1E2BD3370A00F2192B /* VideoPreviewImage.swift in Sources */,
				7BBE02A42BE09DD400BA8953 /* MoviesGenerator.swift in Sources */,
				7BFB7B902BF00D3000548D93 /* ComingSoonRow.swift in Sources */,
				7BFB7B8C2BF00AAF00548D93 /* ComingSoonView.swift in Sources */,
				7BFB7B972BF0238200548D93 /* DownloadsView.swift in Sources */,
				7BFB7B922BF0139100548D93 /* ComingSoonViewModel.swift in Sources */,
				7BF8525C2BCDBA6A00087454 /* SmallVerticalButton.swift in Sources */,
				7B2AE7932BDB784C00BCFB96 /* View+Extensions.swift in Sources */,
				7BD13B172BD335BD00F2192B /* TrailerModel.swift in Sources */,
				7BB24C802BC9A92500973FD2 /* HomeView.swift in Sources */,
				7B3F1EE22BD321A10085D472 /* CustomTabSwitcher.swift in Sources */,
				7B9806DA2BCF53F600DE686A /* EpisodeModel.swift in Sources */,
				7BD13B192BD3360400F2192B /* SwiftUIVideoView.swift in Sources */,
				7BC6989E2BD9D2EB00057B90 /* HomeStack.swift in Sources */,
				7B2AE78D2BDB677C00BCFB96 /* SearchBar.swift in Sources */,
				7BB24C572BC9A7A600973FD2 /* ContentView.swift in Sources */,
				7BD13B202BD3457800F2192B /* TrailerList.swift in Sources */,
				7BA6DEA92BE464B000754BF2 /* SearchResultsGrid.swift in Sources */,
				7BFB7B8E2BF00AF000548D93 /* NotificationBar.swift in Sources */,
				7BB24C552BC9A7A600973FD2 /* NethflixApp.swift in Sources */,
				7BBE02A22BE09B6400BA8953 /* SearchViewModel.swift in Sources */,
				7B9806D72BCF500500DE686A /* MovieDetail.swift in Sources */,
				7BF8525E2BCE622500087454 /* LargeButton.swift in Sources */,
				7BB24C872BC9D70500973FD2 /* StandarHomeMovie.swift in Sources */,
			);
			runOnlyForDeploymentPostprocessing = 0;
		};
		7BB24C5D2BC9A7B000973FD2 /* Sources */ = {
			isa = PBXSourcesBuildPhase;
			buildActionMask = 2147483647;
			files = (
				7BB24C662BC9A7B000973FD2 /* NethflixTests.swift in Sources */,
			);
			runOnlyForDeploymentPostprocessing = 0;
		};
		7BB24C672BC9A7B000973FD2 /* Sources */ = {
			isa = PBXSourcesBuildPhase;
			buildActionMask = 2147483647;
			files = (
				7BB24C722BC9A7B000973FD2 /* NethflixUITestsLaunchTests.swift in Sources */,
				7BB24C702BC9A7B000973FD2 /* NethflixUITests.swift in Sources */,
			);
			runOnlyForDeploymentPostprocessing = 0;
		};
/* End PBXSourcesBuildPhase section */

/* Begin PBXTargetDependency section */
		7BB24C632BC9A7B000973FD2 /* PBXTargetDependency */ = {
			isa = PBXTargetDependency;
			target = 7BB24C502BC9A7A600973FD2 /* Nethflix */;
			targetProxy = 7BB24C622BC9A7B000973FD2 /* PBXContainerItemProxy */;
		};
		7BB24C6D2BC9A7B000973FD2 /* PBXTargetDependency */ = {
			isa = PBXTargetDependency;
			target = 7BB24C502BC9A7A600973FD2 /* Nethflix */;
			targetProxy = 7BB24C6C2BC9A7B000973FD2 /* PBXContainerItemProxy */;
		};
/* End PBXTargetDependency section */

/* Begin XCBuildConfiguration section */
		7BB24C732BC9A7B000973FD2 /* Debug */ = {
			isa = XCBuildConfiguration;
			buildSettings = {
				ALWAYS_SEARCH_USER_PATHS = NO;
				ASSETCATALOG_COMPILER_GENERATE_SWIFT_ASSET_SYMBOL_EXTENSIONS = YES;
				CLANG_ANALYZER_NONNULL = YES;
				CLANG_ANALYZER_NUMBER_OBJECT_CONVERSION = YES_AGGRESSIVE;
				CLANG_CXX_LANGUAGE_STANDARD = "gnu++20";
				CLANG_ENABLE_MODULES = YES;
				CLANG_ENABLE_OBJC_ARC = YES;
				CLANG_ENABLE_OBJC_WEAK = YES;
				CLANG_WARN_BLOCK_CAPTURE_AUTORELEASING = YES;
				CLANG_WARN_BOOL_CONVERSION = YES;
				CLANG_WARN_COMMA = YES;
				CLANG_WARN_CONSTANT_CONVERSION = YES;
				CLANG_WARN_DEPRECATED_OBJC_IMPLEMENTATIONS = YES;
				CLANG_WARN_DIRECT_OBJC_ISA_USAGE = YES_ERROR;
				CLANG_WARN_DOCUMENTATION_COMMENTS = YES;
				CLANG_WARN_EMPTY_BODY = YES;
				CLANG_WARN_ENUM_CONVERSION = YES;
				CLANG_WARN_INFINITE_RECURSION = YES;
				CLANG_WARN_INT_CONVERSION = YES;
				CLANG_WARN_NON_LITERAL_NULL_CONVERSION = YES;
				CLANG_WARN_OBJC_IMPLICIT_RETAIN_SELF = YES;
				CLANG_WARN_OBJC_LITERAL_CONVERSION = YES;
				CLANG_WARN_OBJC_ROOT_CLASS = YES_ERROR;
				CLANG_WARN_QUOTED_INCLUDE_IN_FRAMEWORK_HEADER = YES;
				CLANG_WARN_RANGE_LOOP_ANALYSIS = YES;
				CLANG_WARN_STRICT_PROTOTYPES = YES;
				CLANG_WARN_SUSPICIOUS_MOVE = YES;
				CLANG_WARN_UNGUARDED_AVAILABILITY = YES_AGGRESSIVE;
				CLANG_WARN_UNREACHABLE_CODE = YES;
				CLANG_WARN__DUPLICATE_METHOD_MATCH = YES;
				COPY_PHASE_STRIP = NO;
				DEBUG_INFORMATION_FORMAT = dwarf;
				ENABLE_STRICT_OBJC_MSGSEND = YES;
				ENABLE_TESTABILITY = YES;
				ENABLE_USER_SCRIPT_SANDBOXING = YES;
				GCC_C_LANGUAGE_STANDARD = gnu17;
				GCC_DYNAMIC_NO_PIC = NO;
				GCC_NO_COMMON_BLOCKS = YES;
				GCC_OPTIMIZATION_LEVEL = 0;
				GCC_PREPROCESSOR_DEFINITIONS = (
					"DEBUG=1",
					"$(inherited)",
				);
				GCC_WARN_64_TO_32_BIT_CONVERSION = YES;
				GCC_WARN_ABOUT_RETURN_TYPE = YES_ERROR;
				GCC_WARN_UNDECLARED_SELECTOR = YES;
				GCC_WARN_UNINITIALIZED_AUTOS = YES_AGGRESSIVE;
				GCC_WARN_UNUSED_FUNCTION = YES;
				GCC_WARN_UNUSED_VARIABLE = YES;
				IPHONEOS_DEPLOYMENT_TARGET = 17.2;
				LOCALIZATION_PREFERS_STRING_CATALOGS = YES;
				MTL_ENABLE_DEBUG_INFO = INCLUDE_SOURCE;
				MTL_FAST_MATH = YES;
				ONLY_ACTIVE_ARCH = YES;
				SDKROOT = iphoneos;
				SWIFT_ACTIVE_COMPILATION_CONDITIONS = "DEBUG $(inherited)";
				SWIFT_OPTIMIZATION_LEVEL = "-Onone";
			};
			name = Debug;
		};
		7BB24C742BC9A7B000973FD2 /* Release */ = {
			isa = XCBuildConfiguration;
			buildSettings = {
				ALWAYS_SEARCH_USER_PATHS = NO;
				ASSETCATALOG_COMPILER_GENERATE_SWIFT_ASSET_SYMBOL_EXTENSIONS = YES;
				CLANG_ANALYZER_NONNULL = YES;
				CLANG_ANALYZER_NUMBER_OBJECT_CONVERSION = YES_AGGRESSIVE;
				CLANG_CXX_LANGUAGE_STANDARD = "gnu++20";
				CLANG_ENABLE_MODULES = YES;
				CLANG_ENABLE_OBJC_ARC = YES;
				CLANG_ENABLE_OBJC_WEAK = YES;
				CLANG_WARN_BLOCK_CAPTURE_AUTORELEASING = YES;
				CLANG_WARN_BOOL_CONVERSION = YES;
				CLANG_WARN_COMMA = YES;
				CLANG_WARN_CONSTANT_CONVERSION = YES;
				CLANG_WARN_DEPRECATED_OBJC_IMPLEMENTATIONS = YES;
				CLANG_WARN_DIRECT_OBJC_ISA_USAGE = YES_ERROR;
				CLANG_WARN_DOCUMENTATION_COMMENTS = YES;
				CLANG_WARN_EMPTY_BODY = YES;
				CLANG_WARN_ENUM_CONVERSION = YES;
				CLANG_WARN_INFINITE_RECURSION = YES;
				CLANG_WARN_INT_CONVERSION = YES;
				CLANG_WARN_NON_LITERAL_NULL_CONVERSION = YES;
				CLANG_WARN_OBJC_IMPLICIT_RETAIN_SELF = YES;
				CLANG_WARN_OBJC_LITERAL_CONVERSION = YES;
				CLANG_WARN_OBJC_ROOT_CLASS = YES_ERROR;
				CLANG_WARN_QUOTED_INCLUDE_IN_FRAMEWORK_HEADER = YES;
				CLANG_WARN_RANGE_LOOP_ANALYSIS = YES;
				CLANG_WARN_STRICT_PROTOTYPES = YES;
				CLANG_WARN_SUSPICIOUS_MOVE = YES;
				CLANG_WARN_UNGUARDED_AVAILABILITY = YES_AGGRESSIVE;
				CLANG_WARN_UNREACHABLE_CODE = YES;
				CLANG_WARN__DUPLICATE_METHOD_MATCH = YES;
				COPY_PHASE_STRIP = NO;
				DEBUG_INFORMATION_FORMAT = "dwarf-with-dsym";
				ENABLE_NS_ASSERTIONS = NO;
				ENABLE_STRICT_OBJC_MSGSEND = YES;
				ENABLE_USER_SCRIPT_SANDBOXING = YES;
				GCC_C_LANGUAGE_STANDARD = gnu17;
				GCC_NO_COMMON_BLOCKS = YES;
				GCC_WARN_64_TO_32_BIT_CONVERSION = YES;
				GCC_WARN_ABOUT_RETURN_TYPE = YES_ERROR;
				GCC_WARN_UNDECLARED_SELECTOR = YES;
				GCC_WARN_UNINITIALIZED_AUTOS = YES_AGGRESSIVE;
				GCC_WARN_UNUSED_FUNCTION = YES;
				GCC_WARN_UNUSED_VARIABLE = YES;
				IPHONEOS_DEPLOYMENT_TARGET = 17.2;
				LOCALIZATION_PREFERS_STRING_CATALOGS = YES;
				MTL_ENABLE_DEBUG_INFO = NO;
				MTL_FAST_MATH = YES;
				SDKROOT = iphoneos;
				SWIFT_COMPILATION_MODE = wholemodule;
				VALIDATE_PRODUCT = YES;
			};
			name = Release;
		};
		7BB24C762BC9A7B000973FD2 /* Debug */ = {
			isa = XCBuildConfiguration;
			buildSettings = {
				ASSETCATALOG_COMPILER_APPICON_NAME = AppIcon;
				ASSETCATALOG_COMPILER_GLOBAL_ACCENT_COLOR_NAME = AccentColor;
				CODE_SIGN_STYLE = Automatic;
				CURRENT_PROJECT_VERSION = 1;
				DEVELOPMENT_ASSET_PATHS = "\"Nethflix/Preview Content\"";
				DEVELOPMENT_TEAM = 499H3YDN7T;
				ENABLE_PREVIEWS = YES;
				GENERATE_INFOPLIST_FILE = YES;
				INFOPLIST_KEY_UIApplicationSceneManifest_Generation = YES;
				INFOPLIST_KEY_UIApplicationSupportsIndirectInputEvents = YES;
				INFOPLIST_KEY_UILaunchScreen_Generation = YES;
				INFOPLIST_KEY_UISupportedInterfaceOrientations_iPad = "UIInterfaceOrientationPortrait UIInterfaceOrientationPortraitUpsideDown UIInterfaceOrientationLandscapeLeft UIInterfaceOrientationLandscapeRight";
				INFOPLIST_KEY_UISupportedInterfaceOrientations_iPhone = "UIInterfaceOrientationPortrait UIInterfaceOrientationLandscapeLeft UIInterfaceOrientationLandscapeRight";
				LD_RUNPATH_SEARCH_PATHS = (
					"$(inherited)",
					"@executable_path/Frameworks",
				);
				MARKETING_VERSION = 1.0;
				PRODUCT_BUNDLE_IDENTIFIER = com.saaveguillermo.Nethflix;
				PRODUCT_NAME = "$(TARGET_NAME)";
				SWIFT_EMIT_LOC_STRINGS = YES;
				SWIFT_VERSION = 5.0;
				TARGETED_DEVICE_FAMILY = "1,2";
			};
			name = Debug;
		};
		7BB24C772BC9A7B000973FD2 /* Release */ = {
			isa = XCBuildConfiguration;
			buildSettings = {
				ASSETCATALOG_COMPILER_APPICON_NAME = AppIcon;
				ASSETCATALOG_COMPILER_GLOBAL_ACCENT_COLOR_NAME = AccentColor;
				CODE_SIGN_STYLE = Automatic;
				CURRENT_PROJECT_VERSION = 1;
				DEVELOPMENT_ASSET_PATHS = "\"Nethflix/Preview Content\"";
				DEVELOPMENT_TEAM = 499H3YDN7T;
				ENABLE_PREVIEWS = YES;
				GENERATE_INFOPLIST_FILE = YES;
				INFOPLIST_KEY_UIApplicationSceneManifest_Generation = YES;
				INFOPLIST_KEY_UIApplicationSupportsIndirectInputEvents = YES;
				INFOPLIST_KEY_UILaunchScreen_Generation = YES;
				INFOPLIST_KEY_UISupportedInterfaceOrientations_iPad = "UIInterfaceOrientationPortrait UIInterfaceOrientationPortraitUpsideDown UIInterfaceOrientationLandscapeLeft UIInterfaceOrientationLandscapeRight";
				INFOPLIST_KEY_UISupportedInterfaceOrientations_iPhone = "UIInterfaceOrientationPortrait UIInterfaceOrientationLandscapeLeft UIInterfaceOrientationLandscapeRight";
				LD_RUNPATH_SEARCH_PATHS = (
					"$(inherited)",
					"@executable_path/Frameworks",
				);
				MARKETING_VERSION = 1.0;
				PRODUCT_BUNDLE_IDENTIFIER = com.saaveguillermo.Nethflix;
				PRODUCT_NAME = "$(TARGET_NAME)";
				SWIFT_EMIT_LOC_STRINGS = YES;
				SWIFT_VERSION = 5.0;
				TARGETED_DEVICE_FAMILY = "1,2";
			};
			name = Release;
		};
		7BB24C792BC9A7B000973FD2 /* Debug */ = {
			isa = XCBuildConfiguration;
			buildSettings = {
				ALWAYS_EMBED_SWIFT_STANDARD_LIBRARIES = YES;
				BUNDLE_LOADER = "$(TEST_HOST)";
				CODE_SIGN_STYLE = Automatic;
				CURRENT_PROJECT_VERSION = 1;
				DEVELOPMENT_TEAM = 499H3YDN7T;
				GENERATE_INFOPLIST_FILE = YES;
				IPHONEOS_DEPLOYMENT_TARGET = 17.2;
				MARKETING_VERSION = 1.0;
				PRODUCT_BUNDLE_IDENTIFIER = com.saaveguillermo.NethflixTests;
				PRODUCT_NAME = "$(TARGET_NAME)";
				SWIFT_EMIT_LOC_STRINGS = NO;
				SWIFT_VERSION = 5.0;
				TARGETED_DEVICE_FAMILY = "1,2";
				TEST_HOST = "$(BUILT_PRODUCTS_DIR)/Nethflix.app/$(BUNDLE_EXECUTABLE_FOLDER_PATH)/Nethflix";
			};
			name = Debug;
		};
		7BB24C7A2BC9A7B000973FD2 /* Release */ = {
			isa = XCBuildConfiguration;
			buildSettings = {
				ALWAYS_EMBED_SWIFT_STANDARD_LIBRARIES = YES;
				BUNDLE_LOADER = "$(TEST_HOST)";
				CODE_SIGN_STYLE = Automatic;
				CURRENT_PROJECT_VERSION = 1;
				DEVELOPMENT_TEAM = 499H3YDN7T;
				GENERATE_INFOPLIST_FILE = YES;
				IPHONEOS_DEPLOYMENT_TARGET = 17.2;
				MARKETING_VERSION = 1.0;
				PRODUCT_BUNDLE_IDENTIFIER = com.saaveguillermo.NethflixTests;
				PRODUCT_NAME = "$(TARGET_NAME)";
				SWIFT_EMIT_LOC_STRINGS = NO;
				SWIFT_VERSION = 5.0;
				TARGETED_DEVICE_FAMILY = "1,2";
				TEST_HOST = "$(BUILT_PRODUCTS_DIR)/Nethflix.app/$(BUNDLE_EXECUTABLE_FOLDER_PATH)/Nethflix";
			};
			name = Release;
		};
		7BB24C7C2BC9A7B000973FD2 /* Debug */ = {
			isa = XCBuildConfiguration;
			buildSettings = {
				ALWAYS_EMBED_SWIFT_STANDARD_LIBRARIES = YES;
				CODE_SIGN_STYLE = Automatic;
				CURRENT_PROJECT_VERSION = 1;
				DEVELOPMENT_TEAM = 499H3YDN7T;
				GENERATE_INFOPLIST_FILE = YES;
				MARKETING_VERSION = 1.0;
				PRODUCT_BUNDLE_IDENTIFIER = com.saaveguillermo.NethflixUITests;
				PRODUCT_NAME = "$(TARGET_NAME)";
				SWIFT_EMIT_LOC_STRINGS = NO;
				SWIFT_VERSION = 5.0;
				TARGETED_DEVICE_FAMILY = "1,2";
				TEST_TARGET_NAME = Nethflix;
			};
			name = Debug;
		};
		7BB24C7D2BC9A7B000973FD2 /* Release */ = {
			isa = XCBuildConfiguration;
			buildSettings = {
				ALWAYS_EMBED_SWIFT_STANDARD_LIBRARIES = YES;
				CODE_SIGN_STYLE = Automatic;
				CURRENT_PROJECT_VERSION = 1;
				DEVELOPMENT_TEAM = 499H3YDN7T;
				GENERATE_INFOPLIST_FILE = YES;
				MARKETING_VERSION = 1.0;
				PRODUCT_BUNDLE_IDENTIFIER = com.saaveguillermo.NethflixUITests;
				PRODUCT_NAME = "$(TARGET_NAME)";
				SWIFT_EMIT_LOC_STRINGS = NO;
				SWIFT_VERSION = 5.0;
				TARGETED_DEVICE_FAMILY = "1,2";
				TEST_TARGET_NAME = Nethflix;
			};
			name = Release;
		};
/* End XCBuildConfiguration section */

/* Begin XCConfigurationList section */
		7BB24C4C2BC9A7A600973FD2 /* Build configuration list for PBXProject "Nethflix" */ = {
			isa = XCConfigurationList;
			buildConfigurations = (
				7BB24C732BC9A7B000973FD2 /* Debug */,
				7BB24C742BC9A7B000973FD2 /* Release */,
			);
			defaultConfigurationIsVisible = 0;
			defaultConfigurationName = Release;
		};
		7BB24C752BC9A7B000973FD2 /* Build configuration list for PBXNativeTarget "Nethflix" */ = {
			isa = XCConfigurationList;
			buildConfigurations = (
				7BB24C762BC9A7B000973FD2 /* Debug */,
				7BB24C772BC9A7B000973FD2 /* Release */,
			);
			defaultConfigurationIsVisible = 0;
			defaultConfigurationName = Release;
		};
		7BB24C782BC9A7B000973FD2 /* Build configuration list for PBXNativeTarget "NethflixTests" */ = {
			isa = XCConfigurationList;
			buildConfigurations = (
				7BB24C792BC9A7B000973FD2 /* Debug */,
				7BB24C7A2BC9A7B000973FD2 /* Release */,
			);
			defaultConfigurationIsVisible = 0;
			defaultConfigurationName = Release;
		};
		7BB24C7B2BC9A7B000973FD2 /* Build configuration list for PBXNativeTarget "NethflixUITests" */ = {
			isa = XCConfigurationList;
			buildConfigurations = (
				7BB24C7C2BC9A7B000973FD2 /* Debug */,
				7BB24C7D2BC9A7B000973FD2 /* Release */,
			);
			defaultConfigurationIsVisible = 0;
			defaultConfigurationName = Release;
		};
/* End XCConfigurationList section */

/* Begin XCRemoteSwiftPackageReference section */
		7BB24C812BC9D68400973FD2 /* XCRemoteSwiftPackageReference "Kingfisher" */ = {
			isa = XCRemoteSwiftPackageReference;
			repositoryURL = "https://github.com/onevcat/Kingfisher.git";
			requirement = {
				kind = upToNextMajorVersion;
				minimumVersion = 7.11.0;
			};
		};
/* End XCRemoteSwiftPackageReference section */

/* Begin XCSwiftPackageProductDependency section */
		7B5067402BCA193800E67C77 /* Kingfisher */ = {
			isa = XCSwiftPackageProductDependency;
			package = 7BB24C812BC9D68400973FD2 /* XCRemoteSwiftPackageReference "Kingfisher" */;
			productName = Kingfisher;
		};
/* End XCSwiftPackageProductDependency section */
	};
	rootObject = 7BB24C492BC9A7A600973FD2 /* Project object */;
}
